
Microsoft Visual Studio Solution File, Format Version 12.00
# Visual Studio Version 17
VisualStudioVersion = 17.4.33205.214
MinimumVisualStudioVersion = 10.0.40219.1
Project("{FAE04EC0-301F-11D3-BF4B-00C04F79EFBC}") = "MvcMovie", "MvcMovie\MvcMovie.csproj", "{DAA7B684-5E55-4E1F-9EF6-08FA885E0C6E}"
EndProject
Global
	GlobalSection(SolutionConfigurationPlatforms) = preSolution
		Debug|Any CPU = Debug|Any CPU
		Release|Any CPU = Release|Any CPU
	EndGlobalSection
	GlobalSection(ProjectConfigurationPlatforms) = postSolution
		{DAA7B684-5E55-4E1F-9EF6-08FA885E0C6E}.Debug|Any CPU.ActiveCfg = Debug|Any CPU
		{DAA7B684-5E55-4E1F-9EF6-08FA885E0C6E}.Debug|Any CPU.Build.0 = Debug|Any CPU
		{DAA7B684-5E55-4E1F-9EF6-08FA885E0C6E}.Release|Any CPU.ActiveCfg = Release|Any CPU
		{DAA7B684-5E55-4E1F-9EF6-08FA885E0C6E}.Release|Any CPU.Build.0 = Release|Any CPU
	EndGlobalSection
	GlobalSection(SolutionProperties) = preSolution
		HideSolutionNode = FALSE
	EndGlobalSection
	GlobalSection(ExtensibilityGlobals) = postSolution
		SolutionGuid = {FA16EB45-3E25-4C94-9E5C-4BD992887DA2}
	EndGlobalSection
EndGlobal
